// !$*UTF8*$!
{
	archiveVersion = 1;
	classes = {
	};
	objectVersion = 46;
	objects = {

/* Begin PBXBuildFile section */
		8F33E3701C76FA3F0016D214 /* main.m in Sources */ = {isa = PBXBuildFile; fileRef = 8F33E36F1C76FA3F0016D214 /* main.m */; };
		8F33E3731C76FA3F0016D214 /* AppDelegate.m in Sources */ = {isa = PBXBuildFile; fileRef = 8F33E3721C76FA3F0016D214 /* AppDelegate.m */; };
		8F33E3761C76FA3F0016D214 /* ViewController.m in Sources */ = {isa = PBXBuildFile; fileRef = 8F33E3751C76FA3F0016D214 /* ViewController.m */; };
		8F33E3791C76FA3F0016D214 /* Main.storyboard in Resources */ = {isa = PBXBuildFile; fileRef = 8F33E3771C76FA3F0016D214 /* Main.storyboard */; };
		8F33E37B1C76FA3F0016D214 /* Assets.xcassets in Resources */ = {isa = PBXBuildFile; fileRef = 8F33E37A1C76FA3F0016D214 /* Assets.xcassets */; };
		8F33E37E1C76FA3F0016D214 /* LaunchScreen.storyboard in Resources */ = {isa = PBXBuildFile; fileRef = 8F33E37C1C76FA3F0016D214 /* LaunchScreen.storyboard */; };
		8F614BC31C79E9F800AD34F4 /* Person.m in Sources */ = {isa = PBXBuildFile; fileRef = 8F614BC21C79E9F800AD34F4 /* Person.m */; };
		8F614BC61C79E9FE00AD34F4 /* PeopleManager.m in Sources */ = {isa = PBXBuildFile; fileRef = 8F614BC51C79E9FE00AD34F4 /* PeopleManager.m */; };
		8F614BCB1C79EB5600AD34F4 /* people_1000_correct.json in Resources */ = {isa = PBXBuildFile; fileRef = 8F614BCA1C79EB5600AD34F4 /* people_1000_correct.json */; };
		8F614BCD1C79EB7B00AD34F4 /* people_malformed_file.json in Resources */ = {isa = PBXBuildFile; fileRef = 8F614BCC1C79EB7B00AD34F4 /* people_malformed_file.json */; };
		8F614BCF1C79EBBA00AD34F4 /* people_missing_some_firstnames.json in Resources */ = {isa = PBXBuildFile; fileRef = 8F614BCE1C79EBBA00AD34F4 /* people_missing_some_firstnames.json */; };
		8F614BD11C79EBF700AD34F4 /* people_missing_all_firstnames.json in Resources */ = {isa = PBXBuildFile; fileRef = 8F614BD01C79EBF700AD34F4 /* people_missing_all_firstnames.json */; };
		8F6DFEB01C79EFDD00FF897B /* PeopleManagerTests.m in Sources */ = {isa = PBXBuildFile; fileRef = 8F6DFEAF1C79EFDD00FF897B /* PeopleManagerTests.m */; };
		8F6DFEB51C79F13D00FF897B /* PersonTests.m in Sources */ = {isa = PBXBuildFile; fileRef = 8F6DFEB41C79F13D00FF897B /* PersonTests.m */; };
/* End PBXBuildFile section */

/* Begin PBXContainerItemProxy section */
		8F33E3851C76FA400016D214 /* PBXContainerItemProxy */ = {
			isa = PBXContainerItemProxy;
			containerPortal = 8F33E3631C76FA3F0016D214 /* Project object */;
			proxyType = 1;
			remoteGlobalIDString = 8F33E36A1C76FA3F0016D214;
			remoteInfo = UnitTestAssignement;
		};
/* End PBXContainerItemProxy section */

/* Begin PBXFileReference section */
		8F33E36B1C76FA3F0016D214 /* UnitTestAssignement.app */ = {isa = PBXFileReference; explicitFileType = wrapper.application; includeInIndex = 0; path = UnitTestAssignement.app; sourceTree = BUILT_PRODUCTS_DIR; };
		8F33E36F1C76FA3F0016D214 /* main.m */ = {isa = PBXFileReference; lastKnownFileType = sourcecode.c.objc; lineEnding = 0; path = main.m; sourceTree = "<group>"; xcLanguageSpecificationIdentifier = xcode.lang.objc; };
		8F33E3711C76FA3F0016D214 /* AppDelegate.h */ = {isa = PBXFileReference; lastKnownFileType = sourcecode.c.h; lineEnding = 0; path = AppDelegate.h; sourceTree = "<group>"; xcLanguageSpecificationIdentifier = xcode.lang.objcpp; };
		8F33E3721C76FA3F0016D214 /* AppDelegate.m */ = {isa = PBXFileReference; lastKnownFileType = sourcecode.c.objc; lineEnding = 0; path = AppDelegate.m; sourceTree = "<group>"; xcLanguageSpecificationIdentifier = xcode.lang.objc; };
		8F33E3741C76FA3F0016D214 /* ViewController.h */ = {isa = PBXFileReference; lastKnownFileType = sourcecode.c.h; lineEnding = 0; path = ViewController.h; sourceTree = "<group>"; xcLanguageSpecificationIdentifier = xcode.lang.objcpp; };
		8F33E3751C76FA3F0016D214 /* ViewController.m */ = {isa = PBXFileReference; lastKnownFileType = sourcecode.c.objc; lineEnding = 0; path = ViewController.m; sourceTree = "<group>"; xcLanguageSpecificationIdentifier = xcode.lang.objc; };
		8F33E3781C76FA3F0016D214 /* Base */ = {isa = PBXFileReference; lastKnownFileType = file.storyboard; name = Base; path = Base.lproj/Main.storyboard; sourceTree = "<group>"; };
		8F33E37A1C76FA3F0016D214 /* Assets.xcassets */ = {isa = PBXFileReference; lastKnownFileType = folder.assetcatalog; path = Assets.xcassets; sourceTree = "<group>"; };
		8F33E37D1C76FA3F0016D214 /* Base */ = {isa = PBXFileReference; lastKnownFileType = file.storyboard; name = Base; path = Base.lproj/LaunchScreen.storyboard; sourceTree = "<group>"; };
		8F33E37F1C76FA3F0016D214 /* Info.plist */ = {isa = PBXFileReference; lastKnownFileType = text.plist.xml; path = Info.plist; sourceTree = "<group>"; };
		8F33E3841C76FA400016D214 /* UnitTestAssignementTests.xctest */ = {isa = PBXFileReference; explicitFileType = wrapper.cfbundle; includeInIndex = 0; path = UnitTestAssignementTests.xctest; sourceTree = BUILT_PRODUCTS_DIR; };
		8F33E38A1C76FA400016D214 /* Info.plist */ = {isa = PBXFileReference; lastKnownFileType = text.plist.xml; path = Info.plist; sourceTree = "<group>"; };
		8F614BC11C79E9F800AD34F4 /* Person.h */ = {isa = PBXFileReference; fileEncoding = 4; lastKnownFileType = sourcecode.c.h; lineEnding = 0; path = Person.h; sourceTree = "<group>"; xcLanguageSpecificationIdentifier = xcode.lang.objcpp; };
		8F614BC21C79E9F800AD34F4 /* Person.m */ = {isa = PBXFileReference; fileEncoding = 4; lastKnownFileType = sourcecode.c.objc; lineEnding = 0; path = Person.m; sourceTree = "<group>"; xcLanguageSpecificationIdentifier = xcode.lang.objc; };
		8F614BC41C79E9FE00AD34F4 /* PeopleManager.h */ = {isa = PBXFileReference; fileEncoding = 4; lastKnownFileType = sourcecode.c.h; lineEnding = 0; path = PeopleManager.h; sourceTree = "<group>"; xcLanguageSpecificationIdentifier = xcode.lang.objcpp; };
		8F614BC51C79E9FE00AD34F4 /* PeopleManager.m */ = {isa = PBXFileReference; fileEncoding = 4; lastKnownFileType = sourcecode.c.objc; lineEnding = 0; path = PeopleManager.m; sourceTree = "<group>"; xcLanguageSpecificationIdentifier = xcode.lang.objc; };
		8F614BCA1C79EB5600AD34F4 /* people_1000_correct.json */ = {isa = PBXFileReference; fileEncoding = 4; lastKnownFileType = text.json; path = people_1000_correct.json; sourceTree = "<group>"; };
		8F614BCC1C79EB7B00AD34F4 /* people_malformed_file.json */ = {isa = PBXFileReference; fileEncoding = 4; lastKnownFileType = text.json; path = people_malformed_file.json; sourceTree = "<group>"; };
		8F614BCE1C79EBBA00AD34F4 /* people_missing_some_firstnames.json */ = {isa = PBXFileReference; fileEncoding = 4; lastKnownFileType = text.json; path = people_missing_some_firstnames.json; sourceTree = "<group>"; };
		8F614BD01C79EBF700AD34F4 /* people_missing_all_firstnames.json */ = {isa = PBXFileReference; fileEncoding = 4; lastKnownFileType = text.json; path = people_missing_all_firstnames.json; sourceTree = "<group>"; };
		8F6DFEAF1C79EFDD00FF897B /* PeopleManagerTests.m */ = {isa = PBXFileReference; fileEncoding = 4; lastKnownFileType = sourcecode.c.objc; path = PeopleManagerTests.m; sourceTree = "<group>"; };
		8F6DFEB41C79F13D00FF897B /* PersonTests.m */ = {isa = PBXFileReference; fileEncoding = 4; lastKnownFileType = sourcecode.c.objc; name = PersonTests.m; path = ../PersonTests.m; sourceTree = "<group>"; };
/* End PBXFileReference section */

/* Begin PBXFrameworksBuildPhase section */
		8F33E3681C76FA3F0016D214 /* Frameworks */ = {
			isa = PBXFrameworksBuildPhase;
			buildActionMask = 2147483647;
			files = (
			);
			runOnlyForDeploymentPostprocessing = 0;
		};
		8F33E3811C76FA400016D214 /* Frameworks */ = {
			isa = PBXFrameworksBuildPhase;
			buildActionMask = 2147483647;
			files = (
			);
			runOnlyForDeploymentPostprocessing = 0;
		};
/* End PBXFrameworksBuildPhase section */

/* Begin PBXGroup section */
		8F33E3621C76FA3F0016D214 = {
			isa = PBXGroup;
			children = (
				8F33E36D1C76FA3F0016D214 /* UnitTestAssignement */,
				8F33E3871C76FA400016D214 /* UnitTestAssignementTests */,
				8F33E36C1C76FA3F0016D214 /* Products */,
			);
			sourceTree = "<group>";
		};
		8F33E36C1C76FA3F0016D214 /* Products */ = {
			isa = PBXGroup;
			children = (
				8F33E36B1C76FA3F0016D214 /* UnitTestAssignement.app */,
				8F33E3841C76FA400016D214 /* UnitTestAssignementTests.xctest */,
			);
			name = Products;
			sourceTree = "<group>";
		};
		8F33E36D1C76FA3F0016D214 /* UnitTestAssignement */ = {
			isa = PBXGroup;
			children = (
				8F614BBF1C79E9D400AD34F4 /* Business */,
				8F33E3711C76FA3F0016D214 /* AppDelegate.h */,
				8F33E3721C76FA3F0016D214 /* AppDelegate.m */,
				8F33E3741C76FA3F0016D214 /* ViewController.h */,
				8F33E3751C76FA3F0016D214 /* ViewController.m */,
				8F33E3771C76FA3F0016D214 /* Main.storyboard */,
				8F33E37A1C76FA3F0016D214 /* Assets.xcassets */,
				8F33E37C1C76FA3F0016D214 /* LaunchScreen.storyboard */,
				8F33E37F1C76FA3F0016D214 /* Info.plist */,
				8F33E36E1C76FA3F0016D214 /* Supporting Files */,
			);
			path = UnitTestAssignement;
			sourceTree = "<group>";
		};
		8F33E36E1C76FA3F0016D214 /* Supporting Files */ = {
			isa = PBXGroup;
			children = (
				8F33E36F1C76FA3F0016D214 /* main.m */,
			);
			name = "Supporting Files";
			sourceTree = "<group>";
		};
		8F33E3871C76FA400016D214 /* UnitTestAssignementTests */ = {
			isa = PBXGroup;
			children = (
				8F6DFEB31C79F00300FF897B /* Business */,
				8F614BC71C79EB3E00AD34F4 /* Resources */,
				8F33E38A1C76FA400016D214 /* Info.plist */,
			);
			path = UnitTestAssignementTests;
			sourceTree = "<group>";
		};
		8F614BBF1C79E9D400AD34F4 /* Business */ = {
			isa = PBXGroup;
			children = (
				8F614BC41C79E9FE00AD34F4 /* PeopleManager.h */,
				8F614BC51C79E9FE00AD34F4 /* PeopleManager.m */,
				8F614BC01C79E9DA00AD34F4 /* Model */,
			);
			path = Business;
			sourceTree = "<group>";
		};
		8F614BC01C79E9DA00AD34F4 /* Model */ = {
			isa = PBXGroup;
			children = (
				8F614BC11C79E9F800AD34F4 /* Person.h */,
				8F614BC21C79E9F800AD34F4 /* Person.m */,
			);
			path = Model;
			sourceTree = "<group>";
		};
		8F614BC71C79EB3E00AD34F4 /* Resources */ = {
			isa = PBXGroup;
			children = (
				8F614BCA1C79EB5600AD34F4 /* people_1000_correct.json */,
				8F614BCC1C79EB7B00AD34F4 /* people_malformed_file.json */,
				8F614BCE1C79EBBA00AD34F4 /* people_missing_some_firstnames.json */,
				8F614BD01C79EBF700AD34F4 /* people_missing_all_firstnames.json */,
			);
			name = Resources;
			path = Ressources;
			sourceTree = "<group>";
		};
		8F6DFEB31C79F00300FF897B /* Business */ = {
			isa = PBXGroup;
			children = (
				8F6DFEB61C79F14A00FF897B /* Model */,
				8F6DFEAF1C79EFDD00FF897B /* PeopleManagerTests.m */,
			);
			path = Business;
			sourceTree = "<group>";
		};
		8F6DFEB61C79F14A00FF897B /* Model */ = {
			isa = PBXGroup;
			children = (
				8F6DFEB41C79F13D00FF897B /* PersonTests.m */,
			);
			path = Model;
			sourceTree = "<group>";
		};
/* End PBXGroup section */

/* Begin PBXNativeTarget section */
		8F33E36A1C76FA3F0016D214 /* UnitTestAssignement */ = {
			isa = PBXNativeTarget;
			buildConfigurationList = 8F33E38D1C76FA400016D214 /* Build configuration list for PBXNativeTarget "UnitTestAssignement" */;
			buildPhases = (
				8F33E3671C76FA3F0016D214 /* Sources */,
				8F33E3681C76FA3F0016D214 /* Frameworks */,
				8F33E3691C76FA3F0016D214 /* Resources */,
			);
			buildRules = (
			);
			dependencies = (
			);
			name = UnitTestAssignement;
			productName = UnitTestAssignement;
			productReference = 8F33E36B1C76FA3F0016D214 /* UnitTestAssignement.app */;
			productType = "com.apple.product-type.application";
		};
		8F33E3831C76FA400016D214 /* UnitTestAssignementTests */ = {
			isa = PBXNativeTarget;
			buildConfigurationList = 8F33E3901C76FA400016D214 /* Build configuration list for PBXNativeTarget "UnitTestAssignementTests" */;
			buildPhases = (
				8F33E3801C76FA400016D214 /* Sources */,
				8F33E3811C76FA400016D214 /* Frameworks */,
				8F33E3821C76FA400016D214 /* Resources */,
			);
			buildRules = (
			);
			dependencies = (
				8F33E3861C76FA400016D214 /* PBXTargetDependency */,
			);
			name = UnitTestAssignementTests;
			productName = UnitTestAssignementTests;
			productReference = 8F33E3841C76FA400016D214 /* UnitTestAssignementTests.xctest */;
			productType = "com.apple.product-type.bundle.unit-test";
		};
/* End PBXNativeTarget section */

/* Begin PBXProject section */
		8F33E3631C76FA3F0016D214 /* Project object */ = {
			isa = PBXProject;
			attributes = {
				LastUpgradeCheck = 0720;
				ORGANIZATIONNAME = Coupang;
				TargetAttributes = {
					8F33E36A1C76FA3F0016D214 = {
						CreatedOnToolsVersion = 7.2.1;
					};
					8F33E3831C76FA400016D214 = {
						CreatedOnToolsVersion = 7.2.1;
						TestTargetID = 8F33E36A1C76FA3F0016D214;
					};
				};
			};
			buildConfigurationList = 8F33E3661C76FA3F0016D214 /* Build configuration list for PBXProject "UnitTestAssignement" */;
			compatibilityVersion = "Xcode 3.2";
			developmentRegion = English;
			hasScannedForEncodings = 0;
			knownRegions = (
				en,
				Base,
			);
			mainGroup = 8F33E3621C76FA3F0016D214;
			productRefGroup = 8F33E36C1C76FA3F0016D214 /* Products */;
			projectDirPath = "";
			projectRoot = "";
			targets = (
				8F33E36A1C76FA3F0016D214 /* UnitTestAssignement */,
				8F33E3831C76FA400016D214 /* UnitTestAssignementTests */,
			);
		};
/* End PBXProject section */

/* Begin PBXResourcesBuildPhase section */
		8F33E3691C76FA3F0016D214 /* Resources */ = {
			isa = PBXResourcesBuildPhase;
			buildActionMask = 2147483647;
			files = (
				8F33E37E1C76FA3F0016D214 /* LaunchScreen.storyboard in Resources */,
				8F33E37B1C76FA3F0016D214 /* Assets.xcassets in Resources */,
				8F33E3791C76FA3F0016D214 /* Main.storyboard in Resources */,
			);
			runOnlyForDeploymentPostprocessing = 0;
		};
		8F33E3821C76FA400016D214 /* Resources */ = {
			isa = PBXResourcesBuildPhase;
			buildActionMask = 2147483647;
			files = (
				8F614BCD1C79EB7B00AD34F4 /* people_malformed_file.json in Resources */,
				8F614BCB1C79EB5600AD34F4 /* people_1000_correct.json in Resources */,
				8F614BCF1C79EBBA00AD34F4 /* people_missing_some_firstnames.json in Resources */,
				8F614BD11C79EBF700AD34F4 /* people_missing_all_firstnames.json in Resources */,
			);
			runOnlyForDeploymentPostprocessing = 0;
		};
/* End PBXResourcesBuildPhase section */

/* Begin PBXSourcesBuildPhase section */
		8F33E3671C76FA3F0016D214 /* Sources */ = {
			isa = PBXSourcesBuildPhase;
			buildActionMask = 2147483647;
			files = (
				8F33E3761C76FA3F0016D214 /* ViewController.m in Sources */,
				8F33E3731C76FA3F0016D214 /* AppDelegate.m in Sources */,
				8F614BC31C79E9F800AD34F4 /* Person.m in Sources */,
				8F614BC61C79E9FE00AD34F4 /* PeopleManager.m in Sources */,
				8F33E3701C76FA3F0016D214 /* main.m in Sources */,
			);
			runOnlyForDeploymentPostprocessing = 0;
		};
		8F33E3801C76FA400016D214 /* Sources */ = {
			isa = PBXSourcesBuildPhase;
			buildActionMask = 2147483647;
			files = (
				8F6DFEB51C79F13D00FF897B /* PersonTests.m in Sources */,
				8F6DFEB01C79EFDD00FF897B /* PeopleManagerTests.m in Sources */,
			);
			runOnlyForDeploymentPostprocessing = 0;
		};
/* End PBXSourcesBuildPhase section */

/* Begin PBXTargetDependency section */
		8F33E3861C76FA400016D214 /* PBXTargetDependency */ = {
			isa = PBXTargetDependency;
			target = 8F33E36A1C76FA3F0016D214 /* UnitTestAssignement */;
			targetProxy = 8F33E3851C76FA400016D214 /* PBXContainerItemProxy */;
		};
/* End PBXTargetDependency section */

/* Begin PBXVariantGroup section */
		8F33E3771C76FA3F0016D214 /* Main.storyboard */ = {
			isa = PBXVariantGroup;
			children = (
				8F33E3781C76FA3F0016D214 /* Base */,
			);
			name = Main.storyboard;
			sourceTree = "<group>";
		};
		8F33E37C1C76FA3F0016D214 /* LaunchScreen.storyboard */ = {
			isa = PBXVariantGroup;
			children = (
				8F33E37D1C76FA3F0016D214 /* Base */,
			);
			name = LaunchScreen.storyboard;
			sourceTree = "<group>";
		};
/* End PBXVariantGroup section */

/* Begin XCBuildConfiguration section */
		8F33E38B1C76FA400016D214 /* Debug */ = {
			isa = XCBuildConfiguration;
			buildSettings = {
				ALWAYS_SEARCH_USER_PATHS = NO;
				CLANG_CXX_LANGUAGE_STANDARD = "gnu++0x";
				CLANG_CXX_LIBRARY = "libc++";
				CLANG_ENABLE_MODULES = YES;
				CLANG_ENABLE_OBJC_ARC = YES;
				CLANG_WARN_BOOL_CONVERSION = YES;
				CLANG_WARN_CONSTANT_CONVERSION = YES;
				CLANG_WARN_DIRECT_OBJC_ISA_USAGE = YES_ERROR;
				CLANG_WARN_EMPTY_BODY = YES;
				CLANG_WARN_ENUM_CONVERSION = YES;
				CLANG_WARN_INT_CONVERSION = YES;
				CLANG_WARN_OBJC_ROOT_CLASS = YES_ERROR;
				CLANG_WARN_UNREACHABLE_CODE = YES;
				CLANG_WARN__DUPLICATE_METHOD_MATCH = YES;
				"CODE_SIGN_IDENTITY[sdk=iphoneos*]" = "iPhone Developer";
				COPY_PHASE_STRIP = NO;
				DEBUG_INFORMATION_FORMAT = dwarf;
				ENABLE_STRICT_OBJC_MSGSEND = YES;
				ENABLE_TESTABILITY = YES;
				GCC_C_LANGUAGE_STANDARD = gnu99;
				GCC_DYNAMIC_NO_PIC = NO;
				GCC_NO_COMMON_BLOCKS = YES;
				GCC_OPTIMIZATION_LEVEL = 0;
				GCC_PREPROCESSOR_DEFINITIONS = (
					"DEBUG=1",
					"$(inherited)",
				);
				GCC_WARN_64_TO_32_BIT_CONVERSION = YES;
				GCC_WARN_ABOUT_RETURN_TYPE = YES_ERROR;
				GCC_WARN_UNDECLARED_SELECTOR = YES;
				GCC_WARN_UNINITIALIZED_AUTOS = YES_AGGRESSIVE;
				GCC_WARN_UNUSED_FUNCTION = YES;
				GCC_WARN_UNUSED_VARIABLE = YES;
				IPHONEOS_DEPLOYMENT_TARGET = 9.2;
				MTL_ENABLE_DEBUG_INFO = YES;
				ONLY_ACTIVE_ARCH = YES;
				SDKROOT = iphoneos;
				TARGETED_DEVICE_FAMILY = "1,2";
			};
			name = Debug;
		};
		8F33E38C1C76FA400016D214 /* Release */ = {
			isa = XCBuildConfiguration;
			buildSettings = {
				ALWAYS_SEARCH_USER_PATHS = NO;
				CLANG_CXX_LANGUAGE_STANDARD = "gnu++0x";
				CLANG_CXX_LIBRARY = "libc++";
				CLANG_ENABLE_MODULES = YES;
				CLANG_ENABLE_OBJC_ARC = YES;
				CLANG_WARN_BOOL_CONVERSION = YES;
				CLANG_WARN_CONSTANT_CONVERSION = YES;
				CLANG_WARN_DIRECT_OBJC_ISA_USAGE = YES_ERROR;
				CLANG_WARN_EMPTY_BODY = YES;
				CLANG_WARN_ENUM_CONVERSION = YES;
				CLANG_WARN_INT_CONVERSION = YES;
				CLANG_WARN_OBJC_ROOT_CLASS = YES_ERROR;
				CLANG_WARN_UNREACHABLE_CODE = YES;
				CLANG_WARN__DUPLICATE_METHOD_MATCH = YES;
				"CODE_SIGN_IDENTITY[sdk=iphoneos*]" = "iPhone Developer";
				COPY_PHASE_STRIP = NO;
				DEBUG_INFORMATION_FORMAT = "dwarf-with-dsym";
				ENABLE_NS_ASSERTIONS = NO;
				ENABLE_STRICT_OBJC_MSGSEND = YES;
				GCC_C_LANGUAGE_STANDARD = gnu99;
				GCC_NO_COMMON_BLOCKS = YES;
				GCC_WARN_64_TO_32_BIT_CONVERSION = YES;
				GCC_WARN_ABOUT_RETURN_TYPE = YES_ERROR;
				GCC_WARN_UNDECLARED_SELECTOR = YES;
				GCC_WARN_UNINITIALIZED_AUTOS = YES_AGGRESSIVE;
				GCC_WARN_UNUSED_FUNCTION = YES;
				GCC_WARN_UNUSED_VARIABLE = YES;
				IPHONEOS_DEPLOYMENT_TARGET = 9.2;
				MTL_ENABLE_DEBUG_INFO = NO;
				SDKROOT = iphoneos;
				TARGETED_DEVICE_FAMILY = "1,2";
				VALIDATE_PRODUCT = YES;
			};
			name = Release;
		};
		8F33E38E1C76FA400016D214 /* Debug */ = {
			isa = XCBuildConfiguration;
			buildSettings = {
				ASSETCATALOG_COMPILER_APPICON_NAME = AppIcon;
				INFOPLIST_FILE = UnitTestAssignement/Info.plist;
				LD_RUNPATH_SEARCH_PATHS = "$(inherited) @executable_path/Frameworks";
				PRODUCT_BUNDLE_IDENTIFIER = coupang.jbrieu.UnitTestAssignement;
				PRODUCT_NAME = "$(TARGET_NAME)";
			};
			name = Debug;
		};
		8F33E38F1C76FA400016D214 /* Release */ = {
			isa = XCBuildConfiguration;
			buildSettings = {
				ASSETCATALOG_COMPILER_APPICON_NAME = AppIcon;
				INFOPLIST_FILE = UnitTestAssignement/Info.plist;
				LD_RUNPATH_SEARCH_PATHS = "$(inherited) @executable_path/Frameworks";
				PRODUCT_BUNDLE_IDENTIFIER = coupang.jbrieu.UnitTestAssignement;
				PRODUCT_NAME = "$(TARGET_NAME)";
			};
			name = Release;
		};
		8F33E3911C76FA400016D214 /* Debug */ = {
			isa = XCBuildConfiguration;
			buildSettings = {
				BUNDLE_LOADER = "$(TEST_HOST)";
				INFOPLIST_FILE = UnitTestAssignementTests/Info.plist;
				LD_RUNPATH_SEARCH_PATHS = "$(inherited) @executable_path/Frameworks @loader_path/Frameworks";
				PRODUCT_BUNDLE_IDENTIFIER = coupang.jbrieu.UnitTestAssignementTests;
				PRODUCT_NAME = "$(TARGET_NAME)";
				TEST_HOST = "$(BUILT_PRODUCTS_DIR)/UnitTestAssignement.app/UnitTestAssignement";
			};
			name = Debug;
		};
		8F33E3921C76FA400016D214 /* Release */ = {
			isa = XCBuildConfiguration;
			buildSettings = {
				BUNDLE_LOADER = "$(TEST_HOST)";
				INFOPLIST_FILE = UnitTestAssignementTests/Info.plist;
				LD_RUNPATH_SEARCH_PATHS = "$(inherited) @executable_path/Frameworks @loader_path/Frameworks";
				PRODUCT_BUNDLE_IDENTIFIER = coupang.jbrieu.UnitTestAssignementTests;
				PRODUCT_NAME = "$(TARGET_NAME)";
				TEST_HOST = "$(BUILT_PRODUCTS_DIR)/UnitTestAssignement.app/UnitTestAssignement";
			};
			name = Release;
		};
/* End XCBuildConfiguration section */

/* Begin XCConfigurationList section */
		8F33E3661C76FA3F0016D214 /* Build configuration list for PBXProject "UnitTestAssignement" */ = {
			isa = XCConfigurationList;
			buildConfigurations = (
				8F33E38B1C76FA400016D214 /* Debug */,
				8F33E38C1C76FA400016D214 /* Release */,
			);
			defaultConfigurationIsVisible = 0;
			defaultConfigurationName = Release;
		};
		8F33E38D1C76FA400016D214 /* Build configuration list for PBXNativeTarget "UnitTestAssignement" */ = {
			isa = XCConfigurationList;
			buildConfigurations = (
				8F33E38E1C76FA400016D214 /* Debug */,
				8F33E38F1C76FA400016D214 /* Release */,
			);
			defaultConfigurationIsVisible = 0;
			defaultConfigurationName = Release;
		};
		8F33E3901C76FA400016D214 /* Build configuration list for PBXNativeTarget "UnitTestAssignementTests" */ = {
			isa = XCConfigurationList;
			buildConfigurations = (
				8F33E3911C76FA400016D214 /* Debug */,
				8F33E3921C76FA400016D214 /* Release */,
			);
			defaultConfigurationIsVisible = 0;
			defaultConfigurationName = Release;
		};
/* End XCConfigurationList section */
	};
	rootObject = 8F33E3631C76FA3F0016D214 /* Project object */;
}
